// !$*UTF8*$!
{
	archiveVersion = 1;
	classes = {
	};
	objectVersion = 46;
	objects = {

/* Begin PBXBuildFile section */
		20858A9119656DEF007769AE /* AFHTTPRequestOperation.m in Sources */ = {isa = PBXBuildFile; fileRef = 20858A7F19656DEF007769AE /* AFHTTPRequestOperation.m */; };
		20858A9219656DEF007769AE /* AFHTTPRequestOperationManager.m in Sources */ = {isa = PBXBuildFile; fileRef = 20858A8119656DEF007769AE /* AFHTTPRequestOperationManager.m */; };
		20858A9319656DEF007769AE /* AFHTTPSessionManager.m in Sources */ = {isa = PBXBuildFile; fileRef = 20858A8319656DEF007769AE /* AFHTTPSessionManager.m */; };
		20858A9419656DEF007769AE /* AFNetworkReachabilityManager.m in Sources */ = {isa = PBXBuildFile; fileRef = 20858A8619656DEF007769AE /* AFNetworkReachabilityManager.m */; };
		20858A9519656DEF007769AE /* AFSecurityPolicy.m in Sources */ = {isa = PBXBuildFile; fileRef = 20858A8819656DEF007769AE /* AFSecurityPolicy.m */; };
		20858A9619656DEF007769AE /* AFURLConnectionOperation.m in Sources */ = {isa = PBXBuildFile; fileRef = 20858A8A19656DEF007769AE /* AFURLConnectionOperation.m */; };
		20858A9719656DEF007769AE /* AFURLRequestSerialization.m in Sources */ = {isa = PBXBuildFile; fileRef = 20858A8C19656DEF007769AE /* AFURLRequestSerialization.m */; };
		20858A9819656DEF007769AE /* AFURLResponseSerialization.m in Sources */ = {isa = PBXBuildFile; fileRef = 20858A8E19656DEF007769AE /* AFURLResponseSerialization.m */; };
		20858A9919656DEF007769AE /* AFURLSessionManager.m in Sources */ = {isa = PBXBuildFile; fileRef = 20858A9019656DEF007769AE /* AFURLSessionManager.m */; };
		20858A9C19656E24007769AE /* AFHTTPRequestOperationLogger.m in Sources */ = {isa = PBXBuildFile; fileRef = 20858A9B19656E24007769AE /* AFHTTPRequestOperationLogger.m */; };
		209593A41963C15D00C0C007 /* CKTCheckoutViewController.m in Sources */ = {isa = PBXBuildFile; fileRef = 209593A21963C15D00C0C007 /* CKTCheckoutViewController.m */; };
		209593A81964839200C0C007 /* CKTOrder.m in Sources */ = {isa = PBXBuildFile; fileRef = 209593A71964839200C0C007 /* CKTOrder.m */; };
		209593AB196483B300C0C007 /* CKTUser.m in Sources */ = {isa = PBXBuildFile; fileRef = 209593AA196483B300C0C007 /* CKTUser.m */; };
		209593AE1964A81800C0C007 /* CKTAddress.m in Sources */ = {isa = PBXBuildFile; fileRef = 209593AD1964A81800C0C007 /* CKTAddress.m */; };
		209593BA1964BDED00C0C007 /* CKTCreateAccountViewController.m in Sources */ = {isa = PBXBuildFile; fileRef = 209593B81964BDED00C0C007 /* CKTCreateAccountViewController.m */; };
		209593BB1964BDED00C0C007 /* CKTCreateAccountViewController.xib in Resources */ = {isa = PBXBuildFile; fileRef = 209593B91964BDED00C0C007 /* CKTCreateAccountViewController.xib */; };
		209593BD1964C41500C0C007 /* CKTCheckoutViewController.xib in Resources */ = {isa = PBXBuildFile; fileRef = 209593BC1964C41500C0C007 /* CKTCheckoutViewController.xib */; };
		209593C11964CD8300C0C007 /* CKTAddressCCEntryViewController.m in Sources */ = {isa = PBXBuildFile; fileRef = 209593BF1964CD8300C0C007 /* CKTAddressCCEntryViewController.m */; };
		209593C21964CD8300C0C007 /* CKTAddressCCEntryViewController.xib in Resources */ = {isa = PBXBuildFile; fileRef = 209593C01964CD8300C0C007 /* CKTAddressCCEntryViewController.xib */; };
		209593C51964DC8800C0C007 /* CKTLoginManager.m in Sources */ = {isa = PBXBuildFile; fileRef = 209593C41964DC8800C0C007 /* CKTLoginManager.m */; };
		FC0B0701195A266200DF3BD2 /* CKTAsyncImageView.m in Sources */ = {isa = PBXBuildFile; fileRef = FC0B0700195A266200DF3BD2 /* CKTAsyncImageView.m */; };
		FC0B0708195B7D6300DF3BD2 /* CKTServerCommunicator.m in Sources */ = {isa = PBXBuildFile; fileRef = FC0B0707195B7D6300DF3BD2 /* CKTServerCommunicator.m */; };
		FC0B070B195B8AE300DF3BD2 /* CKTDataModel.m in Sources */ = {isa = PBXBuildFile; fileRef = FC0B070A195B8AE300DF3BD2 /* CKTDataModel.m */; };
		FC0B070E195B8BA700DF3BD2 /* CKTChef.m in Sources */ = {isa = PBXBuildFile; fileRef = FC0B070D195B8BA700DF3BD2 /* CKTChef.m */; };
		FC0B0711195B947F00DF3BD2 /* CKTDataModelBuilder.m in Sources */ = {isa = PBXBuildFile; fileRef = FC0B0710195B947F00DF3BD2 /* CKTDataModelBuilder.m */; };
		FC0B071B195CE52500DF3BD2 /* cookout-logo-160.png in Resources */ = {isa = PBXBuildFile; fileRef = FC0B071A195CE52500DF3BD2 /* cookout-logo-160.png */; };
		FC0B0720195CEF8200DF3BD2 /* CKTNavigationBar.m in Sources */ = {isa = PBXBuildFile; fileRef = FC0B071F195CEF8200DF3BD2 /* CKTNavigationBar.m */; };
		FC0B07241962638800DF3BD2 /* CKTFacebookSessionManager.m in Sources */ = {isa = PBXBuildFile; fileRef = FC0B07231962638800DF3BD2 /* CKTFacebookSessionManager.m */; };
		FC0B072919634D8000DF3BD2 /* FacebookSDK.framework in Frameworks */ = {isa = PBXBuildFile; fileRef = FC0B072819634D8000DF3BD2 /* FacebookSDK.framework */; };
		FC0B07321965E30600DF3BD2 /* CKTJSONResponseSerializer.m in Sources */ = {isa = PBXBuildFile; fileRef = FC0B07311965E30600DF3BD2 /* CKTJSONResponseSerializer.m */; };
		FC2FFFC219514AA6000C8AF7 /* CKTDinnerViewController.m in Sources */ = {isa = PBXBuildFile; fileRef = FC2FFFC019514AA6000C8AF7 /* CKTDinnerViewController.m */; };
		FC2FFFC319514AA6000C8AF7 /* CKTDinnerViewController.xib in Resources */ = {isa = PBXBuildFile; fileRef = FC2FFFC119514AA6000C8AF7 /* CKTDinnerViewController.xib */; };
		FC2FFFC619514AE0000C8AF7 /* CKTDinner.m in Sources */ = {isa = PBXBuildFile; fileRef = FC2FFFC519514AE0000C8AF7 /* CKTDinner.m */; };
		FC9B5030194FBFAC00C32D97 /* Foundation.framework in Frameworks */ = {isa = PBXBuildFile; fileRef = FC9B502F194FBFAC00C32D97 /* Foundation.framework */; };
		FC9B5032194FBFAC00C32D97 /* CoreGraphics.framework in Frameworks */ = {isa = PBXBuildFile; fileRef = FC9B5031194FBFAC00C32D97 /* CoreGraphics.framework */; };
		FC9B5034194FBFAC00C32D97 /* UIKit.framework in Frameworks */ = {isa = PBXBuildFile; fileRef = FC9B5033194FBFAC00C32D97 /* UIKit.framework */; };
		FC9B503A194FBFAC00C32D97 /* InfoPlist.strings in Resources */ = {isa = PBXBuildFile; fileRef = FC9B5038194FBFAC00C32D97 /* InfoPlist.strings */; };
		FC9B503C194FBFAC00C32D97 /* main.m in Sources */ = {isa = PBXBuildFile; fileRef = FC9B503B194FBFAC00C32D97 /* main.m */; };
		FC9B5040194FBFAC00C32D97 /* CKTAppDelegate.m in Sources */ = {isa = PBXBuildFile; fileRef = FC9B503F194FBFAC00C32D97 /* CKTAppDelegate.m */; };
		FC9B5042194FBFAC00C32D97 /* Images.xcassets in Resources */ = {isa = PBXBuildFile; fileRef = FC9B5041194FBFAC00C32D97 /* Images.xcassets */; };
		FC9B5049194FBFAC00C32D97 /* XCTest.framework in Frameworks */ = {isa = PBXBuildFile; fileRef = FC9B5048194FBFAC00C32D97 /* XCTest.framework */; };
		FC9B504A194FBFAC00C32D97 /* Foundation.framework in Frameworks */ = {isa = PBXBuildFile; fileRef = FC9B502F194FBFAC00C32D97 /* Foundation.framework */; };
		FC9B504B194FBFAC00C32D97 /* UIKit.framework in Frameworks */ = {isa = PBXBuildFile; fileRef = FC9B5033194FBFAC00C32D97 /* UIKit.framework */; };
		FC9B5053194FBFAC00C32D97 /* InfoPlist.strings in Resources */ = {isa = PBXBuildFile; fileRef = FC9B5051194FBFAC00C32D97 /* InfoPlist.strings */; };
		FC9B5055194FBFAC00C32D97 /* CookoutTests.m in Sources */ = {isa = PBXBuildFile; fileRef = FC9B5054194FBFAC00C32D97 /* CookoutTests.m */; };
		FC9B5060194FC77000C32D97 /* CKTHomeViewController.m in Sources */ = {isa = PBXBuildFile; fileRef = FC9B505F194FC77000C32D97 /* CKTHomeViewController.m */; };
		FC9B5086194FD5A000C32D97 /* CKTHomeViewCell.m in Sources */ = {isa = PBXBuildFile; fileRef = FC9B5084194FD5A000C32D97 /* CKTHomeViewCell.m */; };
		FC9B5087194FD5A000C32D97 /* CKTHomeViewCell.xib in Resources */ = {isa = PBXBuildFile; fileRef = FC9B5085194FD5A000C32D97 /* CKTHomeViewCell.xib */; };
/* End PBXBuildFile section */

/* Begin PBXContainerItemProxy section */
		FC9B504C194FBFAC00C32D97 /* PBXContainerItemProxy */ = {
			isa = PBXContainerItemProxy;
			containerPortal = FC9B5024194FBFAC00C32D97 /* Project object */;
			proxyType = 1;
			remoteGlobalIDString = FC9B502B194FBFAC00C32D97;
			remoteInfo = Cookout;
		};
/* End PBXContainerItemProxy section */

/* Begin PBXFileReference section */
		202BC51B1966529000FC444A /* CKTAddressSaveHandler.h */ = {isa = PBXFileReference; fileEncoding = 4; lastKnownFileType = sourcecode.c.h; path = CKTAddressSaveHandler.h; sourceTree = "<group>"; };
		20403BA219660EC4008BF4F0 /* CKTSessionHandlerDelegate.h */ = {isa = PBXFileReference; fileEncoding = 4; lastKnownFileType = sourcecode.c.h; path = CKTSessionHandlerDelegate.h; sourceTree = "<group>"; };
		20858A7E19656DEF007769AE /* AFHTTPRequestOperation.h */ = {isa = PBXFileReference; fileEncoding = 4; lastKnownFileType = sourcecode.c.h; path = AFHTTPRequestOperation.h; sourceTree = "<group>"; };
		20858A7F19656DEF007769AE /* AFHTTPRequestOperation.m */ = {isa = PBXFileReference; fileEncoding = 4; lastKnownFileType = sourcecode.c.objc; path = AFHTTPRequestOperation.m; sourceTree = "<group>"; };
		20858A8019656DEF007769AE /* AFHTTPRequestOperationManager.h */ = {isa = PBXFileReference; fileEncoding = 4; lastKnownFileType = sourcecode.c.h; path = AFHTTPRequestOperationManager.h; sourceTree = "<group>"; };
		20858A8119656DEF007769AE /* AFHTTPRequestOperationManager.m */ = {isa = PBXFileReference; fileEncoding = 4; lastKnownFileType = sourcecode.c.objc; path = AFHTTPRequestOperationManager.m; sourceTree = "<group>"; };
		20858A8219656DEF007769AE /* AFHTTPSessionManager.h */ = {isa = PBXFileReference; fileEncoding = 4; lastKnownFileType = sourcecode.c.h; path = AFHTTPSessionManager.h; sourceTree = "<group>"; };
		20858A8319656DEF007769AE /* AFHTTPSessionManager.m */ = {isa = PBXFileReference; fileEncoding = 4; lastKnownFileType = sourcecode.c.objc; path = AFHTTPSessionManager.m; sourceTree = "<group>"; };
		20858A8419656DEF007769AE /* AFNetworking.h */ = {isa = PBXFileReference; fileEncoding = 4; lastKnownFileType = sourcecode.c.h; path = AFNetworking.h; sourceTree = "<group>"; };
		20858A8519656DEF007769AE /* AFNetworkReachabilityManager.h */ = {isa = PBXFileReference; fileEncoding = 4; lastKnownFileType = sourcecode.c.h; path = AFNetworkReachabilityManager.h; sourceTree = "<group>"; };
		20858A8619656DEF007769AE /* AFNetworkReachabilityManager.m */ = {isa = PBXFileReference; fileEncoding = 4; lastKnownFileType = sourcecode.c.objc; path = AFNetworkReachabilityManager.m; sourceTree = "<group>"; };
		20858A8719656DEF007769AE /* AFSecurityPolicy.h */ = {isa = PBXFileReference; fileEncoding = 4; lastKnownFileType = sourcecode.c.h; path = AFSecurityPolicy.h; sourceTree = "<group>"; };
		20858A8819656DEF007769AE /* AFSecurityPolicy.m */ = {isa = PBXFileReference; fileEncoding = 4; lastKnownFileType = sourcecode.c.objc; path = AFSecurityPolicy.m; sourceTree = "<group>"; };
		20858A8919656DEF007769AE /* AFURLConnectionOperation.h */ = {isa = PBXFileReference; fileEncoding = 4; lastKnownFileType = sourcecode.c.h; path = AFURLConnectionOperation.h; sourceTree = "<group>"; };
		20858A8A19656DEF007769AE /* AFURLConnectionOperation.m */ = {isa = PBXFileReference; fileEncoding = 4; lastKnownFileType = sourcecode.c.objc; path = AFURLConnectionOperation.m; sourceTree = "<group>"; };
		20858A8B19656DEF007769AE /* AFURLRequestSerialization.h */ = {isa = PBXFileReference; fileEncoding = 4; lastKnownFileType = sourcecode.c.h; path = AFURLRequestSerialization.h; sourceTree = "<group>"; };
		20858A8C19656DEF007769AE /* AFURLRequestSerialization.m */ = {isa = PBXFileReference; fileEncoding = 4; lastKnownFileType = sourcecode.c.objc; path = AFURLRequestSerialization.m; sourceTree = "<group>"; };
		20858A8D19656DEF007769AE /* AFURLResponseSerialization.h */ = {isa = PBXFileReference; fileEncoding = 4; lastKnownFileType = sourcecode.c.h; path = AFURLResponseSerialization.h; sourceTree = "<group>"; };
		20858A8E19656DEF007769AE /* AFURLResponseSerialization.m */ = {isa = PBXFileReference; fileEncoding = 4; lastKnownFileType = sourcecode.c.objc; path = AFURLResponseSerialization.m; sourceTree = "<group>"; };
		20858A8F19656DEF007769AE /* AFURLSessionManager.h */ = {isa = PBXFileReference; fileEncoding = 4; lastKnownFileType = sourcecode.c.h; path = AFURLSessionManager.h; sourceTree = "<group>"; };
		20858A9019656DEF007769AE /* AFURLSessionManager.m */ = {isa = PBXFileReference; fileEncoding = 4; lastKnownFileType = sourcecode.c.objc; path = AFURLSessionManager.m; sourceTree = "<group>"; };
		20858A9A19656E24007769AE /* AFHTTPRequestOperationLogger.h */ = {isa = PBXFileReference; fileEncoding = 4; lastKnownFileType = sourcecode.c.h; path = AFHTTPRequestOperationLogger.h; sourceTree = "<group>"; };
		20858A9B19656E24007769AE /* AFHTTPRequestOperationLogger.m */ = {isa = PBXFileReference; fileEncoding = 4; lastKnownFileType = sourcecode.c.objc; path = AFHTTPRequestOperationLogger.m; sourceTree = "<group>"; };
		209593A11963C15D00C0C007 /* CKTCheckoutViewController.h */ = {isa = PBXFileReference; fileEncoding = 4; lastKnownFileType = sourcecode.c.h; path = CKTCheckoutViewController.h; sourceTree = "<group>"; };
		209593A21963C15D00C0C007 /* CKTCheckoutViewController.m */ = {isa = PBXFileReference; fileEncoding = 4; lastKnownFileType = sourcecode.c.objc; path = CKTCheckoutViewController.m; sourceTree = "<group>"; };
		209593A61964839200C0C007 /* CKTOrder.h */ = {isa = PBXFileReference; fileEncoding = 4; lastKnownFileType = sourcecode.c.h; path = CKTOrder.h; sourceTree = "<group>"; };
		209593A71964839200C0C007 /* CKTOrder.m */ = {isa = PBXFileReference; fileEncoding = 4; lastKnownFileType = sourcecode.c.objc; path = CKTOrder.m; sourceTree = "<group>"; };
		209593A9196483B300C0C007 /* CKTUser.h */ = {isa = PBXFileReference; fileEncoding = 4; lastKnownFileType = sourcecode.c.h; path = CKTUser.h; sourceTree = "<group>"; };
		209593AA196483B300C0C007 /* CKTUser.m */ = {isa = PBXFileReference; fileEncoding = 4; lastKnownFileType = sourcecode.c.objc; path = CKTUser.m; sourceTree = "<group>"; };
		209593AC1964A81800C0C007 /* CKTAddress.h */ = {isa = PBXFileReference; fileEncoding = 4; lastKnownFileType = sourcecode.c.h; path = CKTAddress.h; sourceTree = "<group>"; };
		209593AD1964A81800C0C007 /* CKTAddress.m */ = {isa = PBXFileReference; fileEncoding = 4; lastKnownFileType = sourcecode.c.objc; path = CKTAddress.m; sourceTree = "<group>"; };
		209593B71964BDED00C0C007 /* CKTCreateAccountViewController.h */ = {isa = PBXFileReference; fileEncoding = 4; lastKnownFileType = sourcecode.c.h; path = CKTCreateAccountViewController.h; sourceTree = "<group>"; };
		209593B81964BDED00C0C007 /* CKTCreateAccountViewController.m */ = {isa = PBXFileReference; fileEncoding = 4; lastKnownFileType = sourcecode.c.objc; path = CKTCreateAccountViewController.m; sourceTree = "<group>"; };
		209593B91964BDED00C0C007 /* CKTCreateAccountViewController.xib */ = {isa = PBXFileReference; fileEncoding = 4; lastKnownFileType = file.xib; path = CKTCreateAccountViewController.xib; sourceTree = "<group>"; };
		209593BC1964C41500C0C007 /* CKTCheckoutViewController.xib */ = {isa = PBXFileReference; fileEncoding = 4; lastKnownFileType = file.xib; path = CKTCheckoutViewController.xib; sourceTree = "<group>"; };
		209593BE1964CD8300C0C007 /* CKTAddressCCEntryViewController.h */ = {isa = PBXFileReference; fileEncoding = 4; lastKnownFileType = sourcecode.c.h; path = CKTAddressCCEntryViewController.h; sourceTree = "<group>"; };
		209593BF1964CD8300C0C007 /* CKTAddressCCEntryViewController.m */ = {isa = PBXFileReference; fileEncoding = 4; lastKnownFileType = sourcecode.c.objc; path = CKTAddressCCEntryViewController.m; sourceTree = "<group>"; };
		209593C01964CD8300C0C007 /* CKTAddressCCEntryViewController.xib */ = {isa = PBXFileReference; fileEncoding = 4; lastKnownFileType = file.xib; path = CKTAddressCCEntryViewController.xib; sourceTree = "<group>"; };
		209593C31964DC8800C0C007 /* CKTLoginManager.h */ = {isa = PBXFileReference; fileEncoding = 4; lastKnownFileType = sourcecode.c.h; path = CKTLoginManager.h; sourceTree = "<group>"; };
		209593C41964DC8800C0C007 /* CKTLoginManager.m */ = {isa = PBXFileReference; fileEncoding = 4; lastKnownFileType = sourcecode.c.objc; path = CKTLoginManager.m; sourceTree = "<group>"; };
		20959463196530D800C0C007 /* CFNetwork.framework */ = {isa = PBXFileReference; lastKnownFileType = wrapper.framework; name = CFNetwork.framework; path = System/Library/Frameworks/CFNetwork.framework; sourceTree = SDKROOT; };
		20959465196530F600C0C007 /* MobileCoreServices.framework */ = {isa = PBXFileReference; lastKnownFileType = wrapper.framework; name = MobileCoreServices.framework; path = System/Library/Frameworks/MobileCoreServices.framework; sourceTree = SDKROOT; };
		209594671965310200C0C007 /* Security.framework */ = {isa = PBXFileReference; lastKnownFileType = wrapper.framework; name = Security.framework; path = System/Library/Frameworks/Security.framework; sourceTree = SDKROOT; };
		209594691965310F00C0C007 /* SystemConfiguration.framework */ = {isa = PBXFileReference; lastKnownFileType = wrapper.framework; name = SystemConfiguration.framework; path = System/Library/Frameworks/SystemConfiguration.framework; sourceTree = SDKROOT; };
		FC0B06FF195A266200DF3BD2 /* CKTAsyncImageView.h */ = {isa = PBXFileReference; fileEncoding = 4; lastKnownFileType = sourcecode.c.h; path = CKTAsyncImageView.h; sourceTree = "<group>"; };
		FC0B0700195A266200DF3BD2 /* CKTAsyncImageView.m */ = {isa = PBXFileReference; fileEncoding = 4; lastKnownFileType = sourcecode.c.objc; path = CKTAsyncImageView.m; sourceTree = "<group>"; };
		FC0B0706195B7D6300DF3BD2 /* CKTServerCommunicator.h */ = {isa = PBXFileReference; fileEncoding = 4; lastKnownFileType = sourcecode.c.h; path = CKTServerCommunicator.h; sourceTree = "<group>"; };
		FC0B0707195B7D6300DF3BD2 /* CKTServerCommunicator.m */ = {isa = PBXFileReference; fileEncoding = 4; lastKnownFileType = sourcecode.c.objc; path = CKTServerCommunicator.m; sourceTree = "<group>"; };
		FC0B0709195B8AE300DF3BD2 /* CKTDataModel.h */ = {isa = PBXFileReference; fileEncoding = 4; lastKnownFileType = sourcecode.c.h; path = CKTDataModel.h; sourceTree = "<group>"; };
		FC0B070A195B8AE300DF3BD2 /* CKTDataModel.m */ = {isa = PBXFileReference; fileEncoding = 4; lastKnownFileType = sourcecode.c.objc; path = CKTDataModel.m; sourceTree = "<group>"; };
		FC0B070C195B8BA700DF3BD2 /* CKTChef.h */ = {isa = PBXFileReference; fileEncoding = 4; lastKnownFileType = sourcecode.c.h; path = CKTChef.h; sourceTree = "<group>"; };
		FC0B070D195B8BA700DF3BD2 /* CKTChef.m */ = {isa = PBXFileReference; fileEncoding = 4; lastKnownFileType = sourcecode.c.objc; path = CKTChef.m; sourceTree = "<group>"; };
		FC0B070F195B947F00DF3BD2 /* CKTDataModelBuilder.h */ = {isa = PBXFileReference; fileEncoding = 4; lastKnownFileType = sourcecode.c.h; path = CKTDataModelBuilder.h; sourceTree = "<group>"; };
		FC0B0710195B947F00DF3BD2 /* CKTDataModelBuilder.m */ = {isa = PBXFileReference; fileEncoding = 4; lastKnownFileType = sourcecode.c.objc; path = CKTDataModelBuilder.m; sourceTree = "<group>"; };
		FC0B0717195BCFDF00DF3BD2 /* CKTDataModelChangeDelegate.h */ = {isa = PBXFileReference; lastKnownFileType = sourcecode.c.h; path = CKTDataModelChangeDelegate.h; sourceTree = "<group>"; };
		FC0B071A195CE52500DF3BD2 /* cookout-logo-160.png */ = {isa = PBXFileReference; lastKnownFileType = image.png; path = "cookout-logo-160.png"; sourceTree = "<group>"; };
		FC0B071E195CEF8200DF3BD2 /* CKTNavigationBar.h */ = {isa = PBXFileReference; fileEncoding = 4; lastKnownFileType = sourcecode.c.h; path = CKTNavigationBar.h; sourceTree = "<group>"; };
		FC0B071F195CEF8200DF3BD2 /* CKTNavigationBar.m */ = {isa = PBXFileReference; fileEncoding = 4; lastKnownFileType = sourcecode.c.objc; path = CKTNavigationBar.m; sourceTree = "<group>"; };
		FC0B0721195CF6AE00DF3BD2 /* CKTDefines.h */ = {isa = PBXFileReference; lastKnownFileType = sourcecode.c.h; path = CKTDefines.h; sourceTree = "<group>"; };
		FC0B07221962638800DF3BD2 /* CKTFacebookSessionManager.h */ = {isa = PBXFileReference; fileEncoding = 4; lastKnownFileType = sourcecode.c.h; path = CKTFacebookSessionManager.h; sourceTree = "<group>"; };
		FC0B07231962638800DF3BD2 /* CKTFacebookSessionManager.m */ = {isa = PBXFileReference; fileEncoding = 4; lastKnownFileType = sourcecode.c.objc; path = CKTFacebookSessionManager.m; sourceTree = "<group>"; };
		FC0B07251963315000DF3BD2 /* CKTFacebookSessionListener.h */ = {isa = PBXFileReference; lastKnownFileType = sourcecode.c.h; path = CKTFacebookSessionListener.h; sourceTree = "<group>"; };
		FC0B072819634D8000DF3BD2 /* FacebookSDK.framework */ = {isa = PBXFileReference; lastKnownFileType = wrapper.framework; path = FacebookSDK.framework; sourceTree = "<group>"; };
		FC0B07301965E30600DF3BD2 /* CKTJSONResponseSerializer.h */ = {isa = PBXFileReference; fileEncoding = 4; lastKnownFileType = sourcecode.c.h; path = CKTJSONResponseSerializer.h; sourceTree = "<group>"; };
		FC0B07311965E30600DF3BD2 /* CKTJSONResponseSerializer.m */ = {isa = PBXFileReference; fileEncoding = 4; lastKnownFileType = sourcecode.c.objc; path = CKTJSONResponseSerializer.m; sourceTree = "<group>"; };
		FC2FFFBF19514AA6000C8AF7 /* CKTDinnerViewController.h */ = {isa = PBXFileReference; fileEncoding = 4; lastKnownFileType = sourcecode.c.h; path = CKTDinnerViewController.h; sourceTree = "<group>"; };
		FC2FFFC019514AA6000C8AF7 /* CKTDinnerViewController.m */ = {isa = PBXFileReference; fileEncoding = 4; lastKnownFileType = sourcecode.c.objc; path = CKTDinnerViewController.m; sourceTree = "<group>"; };
		FC2FFFC119514AA6000C8AF7 /* CKTDinnerViewController.xib */ = {isa = PBXFileReference; fileEncoding = 4; lastKnownFileType = file.xib; path = CKTDinnerViewController.xib; sourceTree = "<group>"; };
		FC2FFFC419514AE0000C8AF7 /* CKTDinner.h */ = {isa = PBXFileReference; fileEncoding = 4; lastKnownFileType = sourcecode.c.h; path = CKTDinner.h; sourceTree = "<group>"; };
		FC2FFFC519514AE0000C8AF7 /* CKTDinner.m */ = {isa = PBXFileReference; fileEncoding = 4; lastKnownFileType = sourcecode.c.objc; path = CKTDinner.m; sourceTree = "<group>"; };
		FC9B502C194FBFAC00C32D97 /* Cookout.app */ = {isa = PBXFileReference; explicitFileType = wrapper.application; includeInIndex = 0; path = Cookout.app; sourceTree = BUILT_PRODUCTS_DIR; };
		FC9B502F194FBFAC00C32D97 /* Foundation.framework */ = {isa = PBXFileReference; lastKnownFileType = wrapper.framework; name = Foundation.framework; path = System/Library/Frameworks/Foundation.framework; sourceTree = SDKROOT; };
		FC9B5031194FBFAC00C32D97 /* CoreGraphics.framework */ = {isa = PBXFileReference; lastKnownFileType = wrapper.framework; name = CoreGraphics.framework; path = System/Library/Frameworks/CoreGraphics.framework; sourceTree = SDKROOT; };
		FC9B5033194FBFAC00C32D97 /* UIKit.framework */ = {isa = PBXFileReference; lastKnownFileType = wrapper.framework; name = UIKit.framework; path = System/Library/Frameworks/UIKit.framework; sourceTree = SDKROOT; };
		FC9B5037194FBFAC00C32D97 /* Cookout-Info.plist */ = {isa = PBXFileReference; lastKnownFileType = text.plist.xml; path = "Cookout-Info.plist"; sourceTree = "<group>"; };
		FC9B5039194FBFAC00C32D97 /* en */ = {isa = PBXFileReference; lastKnownFileType = text.plist.strings; name = en; path = en.lproj/InfoPlist.strings; sourceTree = "<group>"; };
		FC9B503B194FBFAC00C32D97 /* main.m */ = {isa = PBXFileReference; lastKnownFileType = sourcecode.c.objc; path = main.m; sourceTree = "<group>"; };
		FC9B503D194FBFAC00C32D97 /* Cookout-Prefix.pch */ = {isa = PBXFileReference; lastKnownFileType = sourcecode.c.h; path = "Cookout-Prefix.pch"; sourceTree = "<group>"; };
		FC9B503E194FBFAC00C32D97 /* CKTAppDelegate.h */ = {isa = PBXFileReference; lastKnownFileType = sourcecode.c.h; path = CKTAppDelegate.h; sourceTree = "<group>"; };
		FC9B503F194FBFAC00C32D97 /* CKTAppDelegate.m */ = {isa = PBXFileReference; lastKnownFileType = sourcecode.c.objc; path = CKTAppDelegate.m; sourceTree = "<group>"; };
		FC9B5041194FBFAC00C32D97 /* Images.xcassets */ = {isa = PBXFileReference; lastKnownFileType = folder.assetcatalog; path = Images.xcassets; sourceTree = "<group>"; };
		FC9B5047194FBFAC00C32D97 /* CookoutTests.xctest */ = {isa = PBXFileReference; explicitFileType = wrapper.cfbundle; includeInIndex = 0; path = CookoutTests.xctest; sourceTree = BUILT_PRODUCTS_DIR; };
		FC9B5048194FBFAC00C32D97 /* XCTest.framework */ = {isa = PBXFileReference; lastKnownFileType = wrapper.framework; name = XCTest.framework; path = Library/Frameworks/XCTest.framework; sourceTree = DEVELOPER_DIR; };
		FC9B5050194FBFAC00C32D97 /* CookoutTests-Info.plist */ = {isa = PBXFileReference; lastKnownFileType = text.plist.xml; path = "CookoutTests-Info.plist"; sourceTree = "<group>"; };
		FC9B5052194FBFAC00C32D97 /* en */ = {isa = PBXFileReference; lastKnownFileType = text.plist.strings; name = en; path = en.lproj/InfoPlist.strings; sourceTree = "<group>"; };
		FC9B5054194FBFAC00C32D97 /* CookoutTests.m */ = {isa = PBXFileReference; lastKnownFileType = sourcecode.c.objc; path = CookoutTests.m; sourceTree = "<group>"; };
		FC9B505E194FC77000C32D97 /* CKTHomeViewController.h */ = {isa = PBXFileReference; fileEncoding = 4; lastKnownFileType = sourcecode.c.h; path = CKTHomeViewController.h; sourceTree = "<group>"; };
		FC9B505F194FC77000C32D97 /* CKTHomeViewController.m */ = {isa = PBXFileReference; fileEncoding = 4; lastKnownFileType = sourcecode.c.objc; path = CKTHomeViewController.m; sourceTree = "<group>"; };
		FC9B5083194FD5A000C32D97 /* CKTHomeViewCell.h */ = {isa = PBXFileReference; fileEncoding = 4; lastKnownFileType = sourcecode.c.h; path = CKTHomeViewCell.h; sourceTree = "<group>"; };
		FC9B5084194FD5A000C32D97 /* CKTHomeViewCell.m */ = {isa = PBXFileReference; fileEncoding = 4; lastKnownFileType = sourcecode.c.objc; path = CKTHomeViewCell.m; sourceTree = "<group>"; };
		FC9B5085194FD5A000C32D97 /* CKTHomeViewCell.xib */ = {isa = PBXFileReference; fileEncoding = 4; lastKnownFileType = file.xib; path = CKTHomeViewCell.xib; sourceTree = "<group>"; };
/* End PBXFileReference section */

/* Begin PBXFrameworksBuildPhase section */
		FC9B5029194FBFAC00C32D97 /* Frameworks */ = {
			isa = PBXFrameworksBuildPhase;
			buildActionMask = 2147483647;
			files = (
				FC9B5032194FBFAC00C32D97 /* CoreGraphics.framework in Frameworks */,
				FC0B072919634D8000DF3BD2 /* FacebookSDK.framework in Frameworks */,
				FC9B5034194FBFAC00C32D97 /* UIKit.framework in Frameworks */,
				FC9B5030194FBFAC00C32D97 /* Foundation.framework in Frameworks */,
			);
			runOnlyForDeploymentPostprocessing = 0;
		};
		FC9B5044194FBFAC00C32D97 /* Frameworks */ = {
			isa = PBXFrameworksBuildPhase;
			buildActionMask = 2147483647;
			files = (
				FC9B5049194FBFAC00C32D97 /* XCTest.framework in Frameworks */,
				FC9B504B194FBFAC00C32D97 /* UIKit.framework in Frameworks */,
				FC9B504A194FBFAC00C32D97 /* Foundation.framework in Frameworks */,
			);
			runOnlyForDeploymentPostprocessing = 0;
		};
/* End PBXFrameworksBuildPhase section */

/* Begin PBXGroup section */
		20858A7D19656DEF007769AE /* AFNetworking */ = {
			isa = PBXGroup;
			children = (
				20858A7E19656DEF007769AE /* AFHTTPRequestOperation.h */,
				20858A7F19656DEF007769AE /* AFHTTPRequestOperation.m */,
				20858A9A19656E24007769AE /* AFHTTPRequestOperationLogger.h */,
				20858A9B19656E24007769AE /* AFHTTPRequestOperationLogger.m */,
				20858A8019656DEF007769AE /* AFHTTPRequestOperationManager.h */,
				20858A8119656DEF007769AE /* AFHTTPRequestOperationManager.m */,
				20858A8219656DEF007769AE /* AFHTTPSessionManager.h */,
				20858A8319656DEF007769AE /* AFHTTPSessionManager.m */,
				20858A8419656DEF007769AE /* AFNetworking.h */,
				20858A8519656DEF007769AE /* AFNetworkReachabilityManager.h */,
				20858A8619656DEF007769AE /* AFNetworkReachabilityManager.m */,
				20858A8719656DEF007769AE /* AFSecurityPolicy.h */,
				20858A8819656DEF007769AE /* AFSecurityPolicy.m */,
				20858A8919656DEF007769AE /* AFURLConnectionOperation.h */,
				20858A8A19656DEF007769AE /* AFURLConnectionOperation.m */,
				20858A8B19656DEF007769AE /* AFURLRequestSerialization.h */,
				20858A8C19656DEF007769AE /* AFURLRequestSerialization.m */,
				20858A8D19656DEF007769AE /* AFURLResponseSerialization.h */,
				20858A8E19656DEF007769AE /* AFURLResponseSerialization.m */,
				20858A8F19656DEF007769AE /* AFURLSessionManager.h */,
				20858A9019656DEF007769AE /* AFURLSessionManager.m */,
			);
			path = AFNetworking;
			sourceTree = "<group>";
		};
		209593C61964DDF400C0C007 /* Data Model */ = {
			isa = PBXGroup;
			children = (
				209593AC1964A81800C0C007 /* CKTAddress.h */,
				209593AD1964A81800C0C007 /* CKTAddress.m */,
				FC0B070C195B8BA700DF3BD2 /* CKTChef.h */,
				FC0B070D195B8BA700DF3BD2 /* CKTChef.m */,
				FC0B0709195B8AE300DF3BD2 /* CKTDataModel.h */,
				FC0B070A195B8AE300DF3BD2 /* CKTDataModel.m */,
				FC0B070F195B947F00DF3BD2 /* CKTDataModelBuilder.h */,
				FC0B0710195B947F00DF3BD2 /* CKTDataModelBuilder.m */,
				FC0B0717195BCFDF00DF3BD2 /* CKTDataModelChangeDelegate.h */,
				FC0B0721195CF6AE00DF3BD2 /* CKTDefines.h */,
				FC2FFFC419514AE0000C8AF7 /* CKTDinner.h */,
				FC2FFFC519514AE0000C8AF7 /* CKTDinner.m */,
				209593A61964839200C0C007 /* CKTOrder.h */,
				209593A71964839200C0C007 /* CKTOrder.m */,
				209593A9196483B300C0C007 /* CKTUser.h */,
				209593AA196483B300C0C007 /* CKTUser.m */,
			);
			name = "Data Model";
			sourceTree = "<group>";
		};
		209593C71964DE8000C0C007 /* Controllers */ = {
			isa = PBXGroup;
			children = (
				209593BE1964CD8300C0C007 /* CKTAddressCCEntryViewController.h */,
				209593BF1964CD8300C0C007 /* CKTAddressCCEntryViewController.m */,
				209593C01964CD8300C0C007 /* CKTAddressCCEntryViewController.xib */,
				209593A11963C15D00C0C007 /* CKTCheckoutViewController.h */,
				209593A21963C15D00C0C007 /* CKTCheckoutViewController.m */,
				209593BC1964C41500C0C007 /* CKTCheckoutViewController.xib */,
				209593B71964BDED00C0C007 /* CKTCreateAccountViewController.h */,
				209593B81964BDED00C0C007 /* CKTCreateAccountViewController.m */,
				209593B91964BDED00C0C007 /* CKTCreateAccountViewController.xib */,
				FC2FFFBF19514AA6000C8AF7 /* CKTDinnerViewController.h */,
				FC2FFFC019514AA6000C8AF7 /* CKTDinnerViewController.m */,
				FC2FFFC119514AA6000C8AF7 /* CKTDinnerViewController.xib */,
				FC9B5083194FD5A000C32D97 /* CKTHomeViewCell.h */,
				FC9B5084194FD5A000C32D97 /* CKTHomeViewCell.m */,
				FC9B5085194FD5A000C32D97 /* CKTHomeViewCell.xib */,
				FC9B505E194FC77000C32D97 /* CKTHomeViewController.h */,
				FC9B505F194FC77000C32D97 /* CKTHomeViewController.m */,
			);
			name = Controllers;
			sourceTree = "<group>";
		};
		FC9B5023194FBFAC00C32D97 = {
			isa = PBXGroup;
			children = (
				20858A7D19656DEF007769AE /* AFNetworking */,
				FC9B5035194FBFAC00C32D97 /* Cookout */,
				FC9B504E194FBFAC00C32D97 /* CookoutTests */,
				FC9B502E194FBFAC00C32D97 /* Frameworks */,
				FC9B502D194FBFAC00C32D97 /* Products */,
			);
			sourceTree = "<group>";
		};
		FC9B502D194FBFAC00C32D97 /* Products */ = {
			isa = PBXGroup;
			children = (
				FC9B502C194FBFAC00C32D97 /* Cookout.app */,
				FC9B5047194FBFAC00C32D97 /* CookoutTests.xctest */,
			);
			name = Products;
			sourceTree = "<group>";
		};
		FC9B502E194FBFAC00C32D97 /* Frameworks */ = {
			isa = PBXGroup;
			children = (
				20959463196530D800C0C007 /* CFNetwork.framework */,
				FC9B5031194FBFAC00C32D97 /* CoreGraphics.framework */,
				FC0B072819634D8000DF3BD2 /* FacebookSDK.framework */,
				FC9B502F194FBFAC00C32D97 /* Foundation.framework */,
				20959465196530F600C0C007 /* MobileCoreServices.framework */,
				209594671965310200C0C007 /* Security.framework */,
				209594691965310F00C0C007 /* SystemConfiguration.framework */,
				FC9B5033194FBFAC00C32D97 /* UIKit.framework */,
				FC9B5048194FBFAC00C32D97 /* XCTest.framework */,
			);
			name = Frameworks;
			sourceTree = "<group>";
		};
		FC9B5035194FBFAC00C32D97 /* Cookout */ = {
			isa = PBXGroup;
			children = (
				FC9B503E194FBFAC00C32D97 /* CKTAppDelegate.h */,
				FC9B503F194FBFAC00C32D97 /* CKTAppDelegate.m */,
				FC0B06FF195A266200DF3BD2 /* CKTAsyncImageView.h */,
				FC0B0700195A266200DF3BD2 /* CKTAsyncImageView.m */,
				FC0B07251963315000DF3BD2 /* CKTFacebookSessionListener.h */,
				FC0B07221962638800DF3BD2 /* CKTFacebookSessionManager.h */,
				FC0B07231962638800DF3BD2 /* CKTFacebookSessionManager.m */,
				FC0B07301965E30600DF3BD2 /* CKTJSONResponseSerializer.h */,
				FC0B07311965E30600DF3BD2 /* CKTJSONResponseSerializer.m */,
				209593C31964DC8800C0C007 /* CKTLoginManager.h */,
				209593C41964DC8800C0C007 /* CKTLoginManager.m */,
				FC0B071E195CEF8200DF3BD2 /* CKTNavigationBar.h */,
				FC0B071F195CEF8200DF3BD2 /* CKTNavigationBar.m */,
				FC0B0706195B7D6300DF3BD2 /* CKTServerCommunicator.h */,
				FC0B0707195B7D6300DF3BD2 /* CKTServerCommunicator.m */,
				202BC51B1966529000FC444A /* CKTAddressSaveHandler.h */,
				20403BA219660EC4008BF4F0 /* CKTSessionHandlerDelegate.h */,
				209593C71964DE8000C0C007 /* Controllers */,
				FC0B071A195CE52500DF3BD2 /* cookout-logo-160.png */,
				209593C61964DDF400C0C007 /* Data Model */,
				FC9B5041194FBFAC00C32D97 /* Images.xcassets */,
				FC9B5036194FBFAC00C32D97 /* Supporting Files */,
			);
			path = Cookout;
			sourceTree = "<group>";
		};
		FC9B5036194FBFAC00C32D97 /* Supporting Files */ = {
			isa = PBXGroup;
			children = (
				FC9B5037194FBFAC00C32D97 /* Cookout-Info.plist */,
				FC9B5038194FBFAC00C32D97 /* InfoPlist.strings */,
				FC9B503B194FBFAC00C32D97 /* main.m */,
				FC9B503D194FBFAC00C32D97 /* Cookout-Prefix.pch */,
			);
			name = "Supporting Files";
			sourceTree = "<group>";
		};
		FC9B504E194FBFAC00C32D97 /* CookoutTests */ = {
			isa = PBXGroup;
			children = (
				FC9B5054194FBFAC00C32D97 /* CookoutTests.m */,
				FC9B504F194FBFAC00C32D97 /* Supporting Files */,
			);
			path = CookoutTests;
			sourceTree = "<group>";
		};
		FC9B504F194FBFAC00C32D97 /* Supporting Files */ = {
			isa = PBXGroup;
			children = (
				FC9B5050194FBFAC00C32D97 /* CookoutTests-Info.plist */,
				FC9B5051194FBFAC00C32D97 /* InfoPlist.strings */,
			);
			name = "Supporting Files";
			sourceTree = "<group>";
		};
/* End PBXGroup section */

/* Begin PBXNativeTarget section */
		FC9B502B194FBFAC00C32D97 /* Cookout */ = {
			isa = PBXNativeTarget;
			buildConfigurationList = FC9B5058194FBFAC00C32D97 /* Build configuration list for PBXNativeTarget "Cookout" */;
			buildPhases = (
				FC9B5028194FBFAC00C32D97 /* Sources */,
				FC9B5029194FBFAC00C32D97 /* Frameworks */,
				FC9B502A194FBFAC00C32D97 /* Resources */,
			);
			buildRules = (
			);
			dependencies = (
			);
			name = Cookout;
			productName = Cookout;
			productReference = FC9B502C194FBFAC00C32D97 /* Cookout.app */;
			productType = "com.apple.product-type.application";
		};
		FC9B5046194FBFAC00C32D97 /* CookoutTests */ = {
			isa = PBXNativeTarget;
			buildConfigurationList = FC9B505B194FBFAC00C32D97 /* Build configuration list for PBXNativeTarget "CookoutTests" */;
			buildPhases = (
				FC9B5043194FBFAC00C32D97 /* Sources */,
				FC9B5044194FBFAC00C32D97 /* Frameworks */,
				FC9B5045194FBFAC00C32D97 /* Resources */,
			);
			buildRules = (
			);
			dependencies = (
				FC9B504D194FBFAC00C32D97 /* PBXTargetDependency */,
			);
			name = CookoutTests;
			productName = CookoutTests;
			productReference = FC9B5047194FBFAC00C32D97 /* CookoutTests.xctest */;
			productType = "com.apple.product-type.bundle.unit-test";
		};
/* End PBXNativeTarget section */

/* Begin PBXProject section */
		FC9B5024194FBFAC00C32D97 /* Project object */ = {
			isa = PBXProject;
			attributes = {
				CLASSPREFIX = CKT;
				LastUpgradeCheck = 0510;
				ORGANIZATIONNAME = Cookout;
				TargetAttributes = {
					FC9B5046194FBFAC00C32D97 = {
						TestTargetID = FC9B502B194FBFAC00C32D97;
					};
				};
			};
			buildConfigurationList = FC9B5027194FBFAC00C32D97 /* Build configuration list for PBXProject "Cookout" */;
			compatibilityVersion = "Xcode 3.2";
			developmentRegion = English;
			hasScannedForEncodings = 0;
			knownRegions = (
				en,
			);
			mainGroup = FC9B5023194FBFAC00C32D97;
			productRefGroup = FC9B502D194FBFAC00C32D97 /* Products */;
			projectDirPath = "";
			projectRoot = "";
			targets = (
				FC9B502B194FBFAC00C32D97 /* Cookout */,
				FC9B5046194FBFAC00C32D97 /* CookoutTests */,
			);
		};
/* End PBXProject section */

/* Begin PBXResourcesBuildPhase section */
		FC9B502A194FBFAC00C32D97 /* Resources */ = {
			isa = PBXResourcesBuildPhase;
			buildActionMask = 2147483647;
			files = (
				FC0B071B195CE52500DF3BD2 /* cookout-logo-160.png in Resources */,
				FC9B503A194FBFAC00C32D97 /* InfoPlist.strings in Resources */,
				209593BD1964C41500C0C007 /* CKTCheckoutViewController.xib in Resources */,
				209593C21964CD8300C0C007 /* CKTAddressCCEntryViewController.xib in Resources */,
				FC9B5087194FD5A000C32D97 /* CKTHomeViewCell.xib in Resources */,
				FC9B5042194FBFAC00C32D97 /* Images.xcassets in Resources */,
				FC2FFFC319514AA6000C8AF7 /* CKTDinnerViewController.xib in Resources */,
				209593BB1964BDED00C0C007 /* CKTCreateAccountViewController.xib in Resources */,
			);
			runOnlyForDeploymentPostprocessing = 0;
		};
		FC9B5045194FBFAC00C32D97 /* Resources */ = {
			isa = PBXResourcesBuildPhase;
			buildActionMask = 2147483647;
			files = (
				FC9B5053194FBFAC00C32D97 /* InfoPlist.strings in Resources */,
			);
			runOnlyForDeploymentPostprocessing = 0;
		};
/* End PBXResourcesBuildPhase section */

/* Begin PBXSourcesBuildPhase section */
		FC9B5028194FBFAC00C32D97 /* Sources */ = {
			isa = PBXSourcesBuildPhase;
			buildActionMask = 2147483647;
			files = (
				20858A9719656DEF007769AE /* AFURLRequestSerialization.m in Sources */,
				20858A9619656DEF007769AE /* AFURLConnectionOperation.m in Sources */,
				FC9B5060194FC77000C32D97 /* CKTHomeViewController.m in Sources */,
				FC2FFFC619514AE0000C8AF7 /* CKTDinner.m in Sources */,
				FC2FFFC219514AA6000C8AF7 /* CKTDinnerViewController.m in Sources */,
				20858A9919656DEF007769AE /* AFURLSessionManager.m in Sources */,
				209593C11964CD8300C0C007 /* CKTAddressCCEntryViewController.m in Sources */,
				209593A41963C15D00C0C007 /* CKTCheckoutViewController.m in Sources */,
				209593A81964839200C0C007 /* CKTOrder.m in Sources */,
				20858A9519656DEF007769AE /* AFSecurityPolicy.m in Sources */,
				20858A9119656DEF007769AE /* AFHTTPRequestOperation.m in Sources */,
				209593AB196483B300C0C007 /* CKTUser.m in Sources */,
				FC9B503C194FBFAC00C32D97 /* main.m in Sources */,
				FC0B070E195B8BA700DF3BD2 /* CKTChef.m in Sources */,
				209593AE1964A81800C0C007 /* CKTAddress.m in Sources */,
				FC0B0708195B7D6300DF3BD2 /* CKTServerCommunicator.m in Sources */,
				209593BA1964BDED00C0C007 /* CKTCreateAccountViewController.m in Sources */,
				20858A9319656DEF007769AE /* AFHTTPSessionManager.m in Sources */,
				FC0B07241962638800DF3BD2 /* CKTFacebookSessionManager.m in Sources */,
				FC0B070B195B8AE300DF3BD2 /* CKTDataModel.m in Sources */,
				209593C51964DC8800C0C007 /* CKTLoginManager.m in Sources */,
				20858A9219656DEF007769AE /* AFHTTPRequestOperationManager.m in Sources */,
				FC9B5040194FBFAC00C32D97 /* CKTAppDelegate.m in Sources */,
				FC0B0720195CEF8200DF3BD2 /* CKTNavigationBar.m in Sources */,
				FC0B0701195A266200DF3BD2 /* CKTAsyncImageView.m in Sources */,
				FC9B5086194FD5A000C32D97 /* CKTHomeViewCell.m in Sources */,
				FC0B07321965E30600DF3BD2 /* CKTJSONResponseSerializer.m in Sources */,
				20858A9C19656E24007769AE /* AFHTTPRequestOperationLogger.m in Sources */,
				20858A9419656DEF007769AE /* AFNetworkReachabilityManager.m in Sources */,
				20858A9819656DEF007769AE /* AFURLResponseSerialization.m in Sources */,
				FC0B0711195B947F00DF3BD2 /* CKTDataModelBuilder.m in Sources */,
			);
			runOnlyForDeploymentPostprocessing = 0;
		};
		FC9B5043194FBFAC00C32D97 /* Sources */ = {
			isa = PBXSourcesBuildPhase;
			buildActionMask = 2147483647;
			files = (
				FC9B5055194FBFAC00C32D97 /* CookoutTests.m in Sources */,
			);
			runOnlyForDeploymentPostprocessing = 0;
		};
/* End PBXSourcesBuildPhase section */

/* Begin PBXTargetDependency section */
		FC9B504D194FBFAC00C32D97 /* PBXTargetDependency */ = {
			isa = PBXTargetDependency;
			target = FC9B502B194FBFAC00C32D97 /* Cookout */;
			targetProxy = FC9B504C194FBFAC00C32D97 /* PBXContainerItemProxy */;
		};
/* End PBXTargetDependency section */

/* Begin PBXVariantGroup section */
		FC9B5038194FBFAC00C32D97 /* InfoPlist.strings */ = {
			isa = PBXVariantGroup;
			children = (
				FC9B5039194FBFAC00C32D97 /* en */,
			);
			name = InfoPlist.strings;
			sourceTree = "<group>";
		};
		FC9B5051194FBFAC00C32D97 /* InfoPlist.strings */ = {
			isa = PBXVariantGroup;
			children = (
				FC9B5052194FBFAC00C32D97 /* en */,
			);
			name = InfoPlist.strings;
			sourceTree = "<group>";
		};
/* End PBXVariantGroup section */

/* Begin XCBuildConfiguration section */
		FC9B5056194FBFAC00C32D97 /* Debug */ = {
			isa = XCBuildConfiguration;
			buildSettings = {
				ALWAYS_SEARCH_USER_PATHS = NO;
				CLANG_CXX_LANGUAGE_STANDARD = "gnu++0x";
				CLANG_CXX_LIBRARY = "libc++";
				CLANG_ENABLE_MODULES = YES;
				CLANG_ENABLE_OBJC_ARC = YES;
				CLANG_WARN_BOOL_CONVERSION = YES;
				CLANG_WARN_CONSTANT_CONVERSION = YES;
				CLANG_WARN_DIRECT_OBJC_ISA_USAGE = YES_ERROR;
				CLANG_WARN_EMPTY_BODY = YES;
				CLANG_WARN_ENUM_CONVERSION = YES;
				CLANG_WARN_INT_CONVERSION = YES;
				CLANG_WARN_OBJC_ROOT_CLASS = YES_ERROR;
				CLANG_WARN__DUPLICATE_METHOD_MATCH = YES;
				"CODE_SIGN_IDENTITY[sdk=iphoneos*]" = "iPhone Developer";
				COPY_PHASE_STRIP = NO;
				GCC_C_LANGUAGE_STANDARD = gnu99;
				GCC_DYNAMIC_NO_PIC = NO;
				GCC_OPTIMIZATION_LEVEL = 0;
				GCC_PREPROCESSOR_DEFINITIONS = (
					"DEBUG=1",
					"$(inherited)",
				);
				GCC_SYMBOLS_PRIVATE_EXTERN = NO;
				GCC_WARN_64_TO_32_BIT_CONVERSION = YES;
				GCC_WARN_ABOUT_RETURN_TYPE = YES_ERROR;
				GCC_WARN_UNDECLARED_SELECTOR = YES;
				GCC_WARN_UNINITIALIZED_AUTOS = YES_AGGRESSIVE;
				GCC_WARN_UNUSED_FUNCTION = YES;
				GCC_WARN_UNUSED_VARIABLE = YES;
				IPHONEOS_DEPLOYMENT_TARGET = 7.1;
				ONLY_ACTIVE_ARCH = YES;
				SDKROOT = iphoneos;
			};
			name = Debug;
		};
		FC9B5057194FBFAC00C32D97 /* Release */ = {
			isa = XCBuildConfiguration;
			buildSettings = {
				ALWAYS_SEARCH_USER_PATHS = NO;
				CLANG_CXX_LANGUAGE_STANDARD = "gnu++0x";
				CLANG_CXX_LIBRARY = "libc++";
				CLANG_ENABLE_MODULES = YES;
				CLANG_ENABLE_OBJC_ARC = YES;
				CLANG_WARN_BOOL_CONVERSION = YES;
				CLANG_WARN_CONSTANT_CONVERSION = YES;
				CLANG_WARN_DIRECT_OBJC_ISA_USAGE = YES_ERROR;
				CLANG_WARN_EMPTY_BODY = YES;
				CLANG_WARN_ENUM_CONVERSION = YES;
				CLANG_WARN_INT_CONVERSION = YES;
				CLANG_WARN_OBJC_ROOT_CLASS = YES_ERROR;
				CLANG_WARN__DUPLICATE_METHOD_MATCH = YES;
				"CODE_SIGN_IDENTITY[sdk=iphoneos*]" = "iPhone Developer";
				COPY_PHASE_STRIP = YES;
				ENABLE_NS_ASSERTIONS = NO;
				GCC_C_LANGUAGE_STANDARD = gnu99;
				GCC_WARN_64_TO_32_BIT_CONVERSION = YES;
				GCC_WARN_ABOUT_RETURN_TYPE = YES_ERROR;
				GCC_WARN_UNDECLARED_SELECTOR = YES;
				GCC_WARN_UNINITIALIZED_AUTOS = YES_AGGRESSIVE;
				GCC_WARN_UNUSED_FUNCTION = YES;
				GCC_WARN_UNUSED_VARIABLE = YES;
				IPHONEOS_DEPLOYMENT_TARGET = 7.1;
				SDKROOT = iphoneos;
				VALIDATE_PRODUCT = YES;
			};
			name = Release;
		};
		FC9B5059194FBFAC00C32D97 /* Debug */ = {
			isa = XCBuildConfiguration;
			buildSettings = {
				ASSETCATALOG_COMPILER_APPICON_NAME = AppIcon;
				ASSETCATALOG_COMPILER_LAUNCHIMAGE_NAME = LaunchImage;
				FRAMEWORK_SEARCH_PATHS = (
					"$(inherited)",
					/Users/jon/Documents/FacebookSDK,
					"$(PROJECT_DIR)",
				);
				GCC_PRECOMPILE_PREFIX_HEADER = YES;
				GCC_PREFIX_HEADER = "Cookout/Cookout-Prefix.pch";
				HEADER_SEARCH_PATHS = (
					"$(inherited)",
					/Applications/Xcode.app/Contents/Developer/Toolchains/XcodeDefault.xctoolchain/usr/include,
				);
				INFOPLIST_FILE = "Cookout/Cookout-Info.plist";
				OTHER_LDFLAGS = (
					"-ObjC",
					"-framework",
					CoreGraphics,
					"-framework",
					MobileCoreServices,
					"-framework",
					Security,
					"-framework",
					SystemConfiguration,
				);
				PRODUCT_NAME = "$(TARGET_NAME)";
				WRAPPER_EXTENSION = app;
			};
			name = Debug;
		};
		FC9B505A194FBFAC00C32D97 /* Release */ = {
			isa = XCBuildConfiguration;
			buildSettings = {
				ASSETCATALOG_COMPILER_APPICON_NAME = AppIcon;
				ASSETCATALOG_COMPILER_LAUNCHIMAGE_NAME = LaunchImage;
				FRAMEWORK_SEARCH_PATHS = (
					"$(inherited)",
					/Users/jon/Documents/FacebookSDK,
					"$(PROJECT_DIR)",
				);
				GCC_PRECOMPILE_PREFIX_HEADER = YES;
				GCC_PREFIX_HEADER = "Cookout/Cookout-Prefix.pch";
				HEADER_SEARCH_PATHS = (
					"$(inherited)",
					/Applications/Xcode.app/Contents/Developer/Toolchains/XcodeDefault.xctoolchain/usr/include,
				);
				INFOPLIST_FILE = "Cookout/Cookout-Info.plist";
				OTHER_LDFLAGS = (
					"-ObjC",
					"-framework",
					CoreGraphics,
					"-framework",
					MobileCoreServices,
					"-framework",
					Security,
					"-framework",
					SystemConfiguration,
				);
				PRODUCT_NAME = "$(TARGET_NAME)";
				WRAPPER_EXTENSION = app;
			};
			name = Release;
		};
		FC9B505C194FBFAC00C32D97 /* Debug */ = {
			isa = XCBuildConfiguration;
			buildSettings = {
				BUNDLE_LOADER = "$(BUILT_PRODUCTS_DIR)/Cookout.app/Cookout";
				FRAMEWORK_SEARCH_PATHS = (
					"$(SDKROOT)/Developer/Library/Frameworks",
					"$(inherited)",
					"$(DEVELOPER_FRAMEWORKS_DIR)",
				);
				GCC_PRECOMPILE_PREFIX_HEADER = YES;
				GCC_PREFIX_HEADER = "Cookout/Cookout-Prefix.pch";
				GCC_PREPROCESSOR_DEFINITIONS = (
					"DEBUG=1",
					"$(inherited)",
				);
				INFOPLIST_FILE = "CookoutTests/CookoutTests-Info.plist";
				PRODUCT_NAME = "$(TARGET_NAME)";
				TEST_HOST = "$(BUNDLE_LOADER)";
				WRAPPER_EXTENSION = xctest;
			};
			name = Debug;
		};
		FC9B505D194FBFAC00C32D97 /* Release */ = {
			isa = XCBuildConfiguration;
			buildSettings = {
				BUNDLE_LOADER = "$(BUILT_PRODUCTS_DIR)/Cookout.app/Cookout";
				FRAMEWORK_SEARCH_PATHS = (
					"$(SDKROOT)/Developer/Library/Frameworks",
					"$(inherited)",
					"$(DEVELOPER_FRAMEWORKS_DIR)",
				);
				GCC_PRECOMPILE_PREFIX_HEADER = YES;
				GCC_PREFIX_HEADER = "Cookout/Cookout-Prefix.pch";
				INFOPLIST_FILE = "CookoutTests/CookoutTests-Info.plist";
				PRODUCT_NAME = "$(TARGET_NAME)";
				TEST_HOST = "$(BUNDLE_LOADER)";
				WRAPPER_EXTENSION = xctest;
			};
			name = Release;
		};
/* End XCBuildConfiguration section */

/* Begin XCConfigurationList section */
		FC9B5027194FBFAC00C32D97 /* Build configuration list for PBXProject "Cookout" */ = {
			isa = XCConfigurationList;
			buildConfigurations = (
				FC9B5056194FBFAC00C32D97 /* Debug */,
				FC9B5057194FBFAC00C32D97 /* Release */,
			);
			defaultConfigurationIsVisible = 0;
			defaultConfigurationName = Release;
		};
		FC9B5058194FBFAC00C32D97 /* Build configuration list for PBXNativeTarget "Cookout" */ = {
			isa = XCConfigurationList;
			buildConfigurations = (
				FC9B5059194FBFAC00C32D97 /* Debug */,
				FC9B505A194FBFAC00C32D97 /* Release */,
			);
			defaultConfigurationIsVisible = 0;
			defaultConfigurationName = Release;
		};
		FC9B505B194FBFAC00C32D97 /* Build configuration list for PBXNativeTarget "CookoutTests" */ = {
			isa = XCConfigurationList;
			buildConfigurations = (
				FC9B505C194FBFAC00C32D97 /* Debug */,
				FC9B505D194FBFAC00C32D97 /* Release */,
			);
			defaultConfigurationIsVisible = 0;
			defaultConfigurationName = Release;
		};
/* End XCConfigurationList section */
	};
	rootObject = FC9B5024194FBFAC00C32D97 /* Project object */;
}
